
Microsoft Visual Studio Solution File, Format Version 12.00
# Visual Studio Version 16
VisualStudioVersion = 16.0.30204.135
MinimumVisualStudioVersion = 10.0.40219.1
Project("{FAE04EC0-301F-11D3-BF4B-00C04F79EFBC}") = "ActReport.Console", "ActReport\ActReport.Console.csproj", "{EC5FF850-BB2A-41DC-B230-67A94524464E}"
EndProject
Project("{FAE04EC0-301F-11D3-BF4B-00C04F79EFBC}") = "ActReport.Persistence", "ActReport.Persistence\ActReport.Persistence.csproj", "{92046663-F14C-438D-92EC-5173A86BF24D}"
EndProject
Project("{FAE04EC0-301F-11D3-BF4B-00C04F79EFBC}") = "ActReport.Core", "ActReport.Core\ActReport.Core.csproj", "{C90AFB8D-5B08-4780-AB9B-8820293CC7BB}"
EndProject
Project("{FAE04EC0-301F-11D3-BF4B-00C04F79EFBC}") = "ActReport.Utils", "ActReport.Utils\ActReport.Utils.csproj", "{84A39549-EF12-4129-B5EC-0832A2FA8700}"
EndProject
Global
	GlobalSection(SolutionConfigurationPlatforms) = preSolution
		Debug|Any CPU = Debug|Any CPU
		Release|Any CPU = Release|Any CPU
	EndGlobalSection
	GlobalSection(ProjectConfigurationPlatforms) = postSolution
		{EC5FF850-BB2A-41DC-B230-67A94524464E}.Debug|Any CPU.ActiveCfg = Debug|Any CPU
		{EC5FF850-BB2A-41DC-B230-67A94524464E}.Debug|Any CPU.Build.0 = Debug|Any CPU
		{EC5FF850-BB2A-41DC-B230-67A94524464E}.Release|Any CPU.ActiveCfg = Release|Any CPU
		{EC5FF850-BB2A-41DC-B230-67A94524464E}.Release|Any CPU.Build.0 = Release|Any CPU
		{92046663-F14C-438D-92EC-5173A86BF24D}.Debug|Any CPU.ActiveCfg = Debug|Any CPU
		{92046663-F14C-438D-92EC-5173A86BF24D}.Debug|Any CPU.Build.0 = Debug|Any CPU
		{92046663-F14C-438D-92EC-5173A86BF24D}.Release|Any CPU.ActiveCfg = Release|Any CPU
		{92046663-F14C-438D-92EC-5173A86BF24D}.Release|Any CPU.Build.0 = Release|Any CPU
		{C90AFB8D-5B08-4780-AB9B-8820293CC7BB}.Debug|Any CPU.ActiveCfg = Debug|Any CPU
		{C90AFB8D-5B08-4780-AB9B-8820293CC7BB}.Debug|Any CPU.Build.0 = Debug|Any CPU
		{C90AFB8D-5B08-4780-AB9B-8820293CC7BB}.Release|Any CPU.ActiveCfg = Release|Any CPU
		{C90AFB8D-5B08-4780-AB9B-8820293CC7BB}.Release|Any CPU.Build.0 = Release|Any CPU
		{84A39549-EF12-4129-B5EC-0832A2FA8700}.Debug|Any CPU.ActiveCfg = Debug|Any CPU
		{84A39549-EF12-4129-B5EC-0832A2FA8700}.Debug|Any CPU.Build.0 = Debug|Any CPU
		{84A39549-EF12-4129-B5EC-0832A2FA8700}.Release|Any CPU.ActiveCfg = Release|Any CPU
		{84A39549-EF12-4129-B5EC-0832A2FA8700}.Release|Any CPU.Build.0 = Release|Any CPU
	EndGlobalSection
	GlobalSection(SolutionProperties) = preSolution
		HideSolutionNode = FALSE
	EndGlobalSection
	GlobalSection(ExtensibilityGlobals) = postSolution
		SolutionGuid = {7E31CAE5-7E5F-4AD8-B63E-261AC7FFE9ED}
	EndGlobalSection
EndGlobal
